// !$*UTF8*$!
{
	archiveVersion = 1;
	classes = {
	};
	objectVersion = 46;
	objects = {

/* Begin PBXBuildFile section */
		7C1031B91CD98EA000B65E7A /* MyStationsCollectionViewLayout.swift in Sources */ = {isa = PBXBuildFile; fileRef = 7C1031B81CD98EA000B65E7A /* MyStationsCollectionViewLayout.swift */; };
		7C1031BB1CD9A02E00B65E7A /* StationsListTableViewController.swift in Sources */ = {isa = PBXBuildFile; fileRef = 7C1031BA1CD9A02E00B65E7A /* StationsListTableViewController.swift */; };
		7C1031C11CDAADBB00B65E7A /* SideScrollerViewController.swift in Sources */ = {isa = PBXBuildFile; fileRef = 7C1031C01CDAADBB00B65E7A /* SideScrollerViewController.swift */; };
		7C1031C31CDBD12700B65E7A /* EditPlaylistChartWeatherView.xib in Resources */ = {isa = PBXBuildFile; fileRef = 7C1031C21CDBD12700B65E7A /* EditPlaylistChartWeatherView.xib */; };
		7C1031C51CDBD4A300B65E7A /* EditPlaylistChartWeatherView.swift in Sources */ = {isa = PBXBuildFile; fileRef = 7C1031C41CDBD4A300B65E7A /* EditPlaylistChartWeatherView.swift */; };
		7C54F0DD1CD422D80069677D /* Edit.storyboard in Resources */ = {isa = PBXBuildFile; fileRef = 7C54F0DB1CD422D80069677D /* Edit.storyboard */; };
		7C54F0E31CD44D140069677D /* PageScrollViewController.swift in Sources */ = {isa = PBXBuildFile; fileRef = 7C54F0E21CD44D140069677D /* PageScrollViewController.swift */; };
		7C54F0E61CD44E620069677D /* PageScrollHelperView.swift in Sources */ = {isa = PBXBuildFile; fileRef = 7C54F0E51CD44E620069677D /* PageScrollHelperView.swift */; };
		7C54F0EB1CD465DB0069677D /* EnergyChartViewController.swift in Sources */ = {isa = PBXBuildFile; fileRef = 7C54F0EA1CD465DB0069677D /* EnergyChartViewController.swift */; };
		7C54F0ED1CD82DCC0069677D /* MyStationsCollectionViewCell.swift in Sources */ = {isa = PBXBuildFile; fileRef = 7C54F0EC1CD82DCC0069677D /* MyStationsCollectionViewCell.swift */; };
		7C54F0EF1CD831480069677D /* MyStationsCollectionViewController.swift in Sources */ = {isa = PBXBuildFile; fileRef = 7C54F0EE1CD831480069677D /* MyStationsCollectionViewController.swift */; };
		CD520F651C1927A6009062F3 /* InternalFullScreenLoadingView.xib in Resources */ = {isa = PBXBuildFile; fileRef = CD520F641C1927A6009062F3 /* InternalFullScreenLoadingView.xib */; };
		CD520F671C1927CA009062F3 /* FullScreenLoadingView.swift in Sources */ = {isa = PBXBuildFile; fileRef = CD520F661C1927CA009062F3 /* FullScreenLoadingView.swift */; };
		CD520F691C1927F0009062F3 /* InternalFullScreenLoadingView.swift in Sources */ = {isa = PBXBuildFile; fileRef = CD520F681C1927F0009062F3 /* InternalFullScreenLoadingView.swift */; };
		CD520F6B1C19F7C4009062F3 /* User.swift in Sources */ = {isa = PBXBuildFile; fileRef = CD520F6A1C19F7C4009062F3 /* User.swift */; };
		CD6BD2CB1C06249F006D812B /* SongSortApiManager.swift in Sources */ = {isa = PBXBuildFile; fileRef = CD6BD2CA1C06249F006D812B /* SongSortApiManager.swift */; };
		CD6BD2CD1C062AFB006D812B /* Station.swift in Sources */ = {isa = PBXBuildFile; fileRef = CD6BD2CC1C062AFB006D812B /* Station.swift */; };
		CD6BD2D01C0651A6006D812B /* LocationManager.swift in Sources */ = {isa = PBXBuildFile; fileRef = CD6BD2CF1C0651A6006D812B /* LocationManager.swift */; };
		CD8666E21C078904007F4F0A /* TransitionManager.swift in Sources */ = {isa = PBXBuildFile; fileRef = CD8666E11C078904007F4F0A /* TransitionManager.swift */; };
		CD8666E61C079E73007F4F0A /* FeaturedStationsCollectionViewCell.swift in Sources */ = {isa = PBXBuildFile; fileRef = CD8666E51C079E73007F4F0A /* FeaturedStationsCollectionViewCell.swift */; };
		CD9FA4491BF9327F003B8A62 /* LoginViewController.swift in Sources */ = {isa = PBXBuildFile; fileRef = CD9FA4481BF9327F003B8A62 /* LoginViewController.swift */; };
		CD9FA44B1BF93323003B8A62 /* HomeViewController.swift in Sources */ = {isa = PBXBuildFile; fileRef = CD9FA44A1BF93323003B8A62 /* HomeViewController.swift */; };
		CD9FA4511BF93876003B8A62 /* Constants.swift in Sources */ = {isa = PBXBuildFile; fileRef = CD9FA4501BF93876003B8A62 /* Constants.swift */; };
		CD9FA4531BF93C79003B8A62 /* AVFoundation.framework in Frameworks */ = {isa = PBXBuildFile; fileRef = CD9FA4521BF93C79003B8A62 /* AVFoundation.framework */; };
		CD9FA4551BF93C7F003B8A62 /* SystemConfiguration.framework in Frameworks */ = {isa = PBXBuildFile; fileRef = CD9FA4541BF93C7F003B8A62 /* SystemConfiguration.framework */; };
		CD9FA4571BF93D79003B8A62 /* Spotify.framework in Frameworks */ = {isa = PBXBuildFile; fileRef = CD9FA4561BF93D79003B8A62 /* Spotify.framework */; };
		CD9FA45D1BFA8483003B8A62 /* SplashViewController.swift in Sources */ = {isa = PBXBuildFile; fileRef = CD9FA45C1BFA8483003B8A62 /* SplashViewController.swift */; };
		CD9FA45F1BFA873F003B8A62 /* SpotifyManager.swift in Sources */ = {isa = PBXBuildFile; fileRef = CD9FA45E1BFA873F003B8A62 /* SpotifyManager.swift */; };
		CD9FA4611BFA993C003B8A62 /* UIViewController+Stationdose.swift in Sources */ = {isa = PBXBuildFile; fileRef = CD9FA4601BFA993C003B8A62 /* UIViewController+Stationdose.swift */; };
		CD9FA46A1BFB6BB0003B8A62 /* UIView+Inspectable.swift in Sources */ = {isa = PBXBuildFile; fileRef = CD9FA4691BFB6BB0003B8A62 /* UIView+Inspectable.swift */; };
		CD9FA46B1BFB71A4003B8A62 /* Yantramanav-Black.ttf in Resources */ = {isa = PBXBuildFile; fileRef = CD9FA4631BFAA197003B8A62 /* Yantramanav-Black.ttf */; };
		CD9FA46C1BFB71A4003B8A62 /* Yantramanav-Bold.ttf in Resources */ = {isa = PBXBuildFile; fileRef = CD9FA4641BFAA197003B8A62 /* Yantramanav-Bold.ttf */; };
		CD9FA46D1BFB71A4003B8A62 /* Yantramanav-Light.ttf in Resources */ = {isa = PBXBuildFile; fileRef = CD9FA4651BFAA197003B8A62 /* Yantramanav-Light.ttf */; };
		CD9FA46E1BFB71A4003B8A62 /* Yantramanav-Medium.ttf in Resources */ = {isa = PBXBuildFile; fileRef = CD9FA4661BFAA197003B8A62 /* Yantramanav-Medium.ttf */; };
		CD9FA46F1BFB71A4003B8A62 /* Yantramanav-Regular.ttf in Resources */ = {isa = PBXBuildFile; fileRef = CD9FA4671BFAA197003B8A62 /* Yantramanav-Regular.ttf */; };
		CD9FA4701BFB71A4003B8A62 /* Yantramanav-Thin.ttf in Resources */ = {isa = PBXBuildFile; fileRef = CD9FA4681BFAA197003B8A62 /* Yantramanav-Thin.ttf */; };
		CD9FA4721BFB9FD3003B8A62 /* RequestPremiumViewController.swift in Sources */ = {isa = PBXBuildFile; fileRef = CD9FA4711BFB9FD3003B8A62 /* RequestPremiumViewController.swift */; };
		CDBE230E1BF92DFB00291F56 /* AppDelegate.swift in Sources */ = {isa = PBXBuildFile; fileRef = CDBE230D1BF92DFB00291F56 /* AppDelegate.swift */; };
		CDBE23131BF92DFB00291F56 /* Main.storyboard in Resources */ = {isa = PBXBuildFile; fileRef = CDBE23111BF92DFB00291F56 /* Main.storyboard */; };
		CDBE23151BF92DFB00291F56 /* Assets.xcassets in Resources */ = {isa = PBXBuildFile; fileRef = CDBE23141BF92DFB00291F56 /* Assets.xcassets */; };
		CDBE23181BF92DFB00291F56 /* LaunchScreen.storyboard in Resources */ = {isa = PBXBuildFile; fileRef = CDBE23161BF92DFB00291F56 /* LaunchScreen.storyboard */; };
		CDEFD01B1C0782EF00957580 /* TransitionAnimations.swift in Sources */ = {isa = PBXBuildFile; fileRef = CDEFD01A1C0782EF00957580 /* TransitionAnimations.swift */; };
		DE8ABE07B065DFD6DC14E4CC /* Pods.framework in Frameworks */ = {isa = PBXBuildFile; fileRef = 24E06A1BF2138C0B19B5B149 /* Pods.framework */; };
		F10FB1751C0DF224000C90C1 /* PlaylistViewController.swift in Sources */ = {isa = PBXBuildFile; fileRef = F10FB1741C0DF224000C90C1 /* PlaylistViewController.swift */; };
		F10FB1771C0E3005000C90C1 /* TrackTableViewCell.swift in Sources */ = {isa = PBXBuildFile; fileRef = F10FB1761C0E3005000C90C1 /* TrackTableViewCell.swift */; };
		F111C96E1BFCF57700CC0CCB /* UIColor+CustomColors.swift in Sources */ = {isa = PBXBuildFile; fileRef = F111C96D1BFCF57700CC0CCB /* UIColor+CustomColors.swift */; };
		F114BFBE1C21EFB20000A3CC /* EditStationViewController.swift in Sources */ = {isa = PBXBuildFile; fileRef = F114BFBD1C21EFB20000A3CC /* EditStationViewController.swift */; };
		F13FBBAF1C10889C00797EC4 /* BaseTableViewCell.swift in Sources */ = {isa = PBXBuildFile; fileRef = F13FBBAE1C10889C00797EC4 /* BaseTableViewCell.swift */; };
		F13FBBB11C10893600797EC4 /* PlayableTableViewCell.swift in Sources */ = {isa = PBXBuildFile; fileRef = F13FBBB01C10893600797EC4 /* PlayableTableViewCell.swift */; };
		F15593031C110447009CE684 /* FeaturedStationViewController.swift in Sources */ = {isa = PBXBuildFile; fileRef = F15593021C110447009CE684 /* FeaturedStationViewController.swift */; };
		F17157441C1774BC008378C3 /* PlaybackManager.swift in Sources */ = {isa = PBXBuildFile; fileRef = F17157431C1774BC008378C3 /* PlaybackManager.swift */; };
		F18E15381C1871D40020AA17 /* PlaybackControlView.swift in Sources */ = {isa = PBXBuildFile; fileRef = F18E15371C1871D40020AA17 /* PlaybackControlView.swift */; };
		F18E153A1C18747C0020AA17 /* PlaybackControlView.xib in Resources */ = {isa = PBXBuildFile; fileRef = F18E15391C18747C0020AA17 /* PlaybackControlView.xib */; };
		F1A394781BFE453100A2C970 /* BaseViewController.swift in Sources */ = {isa = PBXBuildFile; fileRef = F1A394771BFE453100A2C970 /* BaseViewController.swift */; };
		F1B4CB721C0748ED007DB048 /* SavedSation.swift in Sources */ = {isa = PBXBuildFile; fileRef = F1B4CB701C0748ED007DB048 /* SavedSation.swift */; };
		F1B4CB731C0748ED007DB048 /* Track.swift in Sources */ = {isa = PBXBuildFile; fileRef = F1B4CB711C0748ED007DB048 /* Track.swift */; };
		F1B4CB751C079E64007DB048 /* AlertView.swift in Sources */ = {isa = PBXBuildFile; fileRef = F1B4CB741C079E64007DB048 /* AlertView.swift */; };
		F1B4CB771C07B51D007DB048 /* InternalAlertView.xib in Resources */ = {isa = PBXBuildFile; fileRef = F1B4CB761C07B51D007DB048 /* InternalAlertView.xib */; };
		F1B4CB791C07B58F007DB048 /* InternalAlertView.swift in Sources */ = {isa = PBXBuildFile; fileRef = F1B4CB781C07B58F007DB048 /* InternalAlertView.swift */; };
		F1CC91921C0F530800E3C090 /* ModelManager.swift in Sources */ = {isa = PBXBuildFile; fileRef = F1CC91911C0F530800E3C090 /* ModelManager.swift */; };
		F1EC7DC71C2823C2003CEA24 /* InternalShareView.xib in Resources */ = {isa = PBXBuildFile; fileRef = F1EC7DC61C2823C2003CEA24 /* InternalShareView.xib */; };
		F1EC7DC91C28241F003CEA24 /* InternalShareView.swift in Sources */ = {isa = PBXBuildFile; fileRef = F1EC7DC81C28241F003CEA24 /* InternalShareView.swift */; };
		F1EC7DCB1C282436003CEA24 /* ShareView.swift in Sources */ = {isa = PBXBuildFile; fileRef = F1EC7DCA1C282436003CEA24 /* ShareView.swift */; };
		F1F91C6B1BFF9B29000E0BB7 /* MyStationsTableViewCell.swift in Sources */ = {isa = PBXBuildFile; fileRef = F1F91C6A1BFF9B29000E0BB7 /* MyStationsTableViewCell.swift */; };
		F1F91C6D1BFF9B44000E0BB7 /* StationsListTableViewCell.swift in Sources */ = {isa = PBXBuildFile; fileRef = F1F91C6C1BFF9B44000E0BB7 /* StationsListTableViewCell.swift */; };
/* End PBXBuildFile section */

/* Begin PBXFileReference section */
		24E06A1BF2138C0B19B5B149 /* Pods.framework */ = {isa = PBXFileReference; explicitFileType = wrapper.framework; includeInIndex = 0; path = Pods.framework; sourceTree = BUILT_PRODUCTS_DIR; };
		3DE5C033DDD061F0DDA80AB5 /* Pods.release.xcconfig */ = {isa = PBXFileReference; includeInIndex = 1; lastKnownFileType = text.xcconfig; name = Pods.release.xcconfig; path = "Pods/Target Support Files/Pods/Pods.release.xcconfig"; sourceTree = "<group>"; };
		7C1031B81CD98EA000B65E7A /* MyStationsCollectionViewLayout.swift */ = {isa = PBXFileReference; fileEncoding = 4; lastKnownFileType = sourcecode.swift; path = MyStationsCollectionViewLayout.swift; sourceTree = "<group>"; };
		7C1031BA1CD9A02E00B65E7A /* StationsListTableViewController.swift */ = {isa = PBXFileReference; fileEncoding = 4; lastKnownFileType = sourcecode.swift; path = StationsListTableViewController.swift; sourceTree = "<group>"; };
		7C1031C01CDAADBB00B65E7A /* SideScrollerViewController.swift */ = {isa = PBXFileReference; fileEncoding = 4; lastKnownFileType = sourcecode.swift; path = SideScrollerViewController.swift; sourceTree = "<group>"; };
		7C1031C21CDBD12700B65E7A /* EditPlaylistChartWeatherView.xib */ = {isa = PBXFileReference; fileEncoding = 4; lastKnownFileType = file.xib; path = EditPlaylistChartWeatherView.xib; sourceTree = "<group>"; };
		7C1031C41CDBD4A300B65E7A /* EditPlaylistChartWeatherView.swift */ = {isa = PBXFileReference; fileEncoding = 4; lastKnownFileType = sourcecode.swift; path = EditPlaylistChartWeatherView.swift; sourceTree = "<group>"; };
		7C54F0DC1CD422D80069677D /* Base */ = {isa = PBXFileReference; lastKnownFileType = file.storyboard; name = Base; path = Base.lproj/Edit.storyboard; sourceTree = "<group>"; };
		7C54F0E21CD44D140069677D /* PageScrollViewController.swift */ = {isa = PBXFileReference; fileEncoding = 4; lastKnownFileType = sourcecode.swift; path = PageScrollViewController.swift; sourceTree = "<group>"; };
		7C54F0E51CD44E620069677D /* PageScrollHelperView.swift */ = {isa = PBXFileReference; fileEncoding = 4; lastKnownFileType = sourcecode.swift; path = PageScrollHelperView.swift; sourceTree = "<group>"; };
		7C54F0EA1CD465DB0069677D /* EnergyChartViewController.swift */ = {isa = PBXFileReference; fileEncoding = 4; lastKnownFileType = sourcecode.swift; path = EnergyChartViewController.swift; sourceTree = "<group>"; };
		7C54F0EC1CD82DCC0069677D /* MyStationsCollectionViewCell.swift */ = {isa = PBXFileReference; fileEncoding = 4; lastKnownFileType = sourcecode.swift; path = MyStationsCollectionViewCell.swift; sourceTree = "<group>"; };
		7C54F0EE1CD831480069677D /* MyStationsCollectionViewController.swift */ = {isa = PBXFileReference; fileEncoding = 4; lastKnownFileType = sourcecode.swift; path = MyStationsCollectionViewController.swift; sourceTree = "<group>"; };
		CD520F641C1927A6009062F3 /* InternalFullScreenLoadingView.xib */ = {isa = PBXFileReference; fileEncoding = 4; lastKnownFileType = file.xib; path = InternalFullScreenLoadingView.xib; sourceTree = "<group>"; };
		CD520F661C1927CA009062F3 /* FullScreenLoadingView.swift */ = {isa = PBXFileReference; fileEncoding = 4; lastKnownFileType = sourcecode.swift; path = FullScreenLoadingView.swift; sourceTree = "<group>"; };
		CD520F681C1927F0009062F3 /* InternalFullScreenLoadingView.swift */ = {isa = PBXFileReference; fileEncoding = 4; lastKnownFileType = sourcecode.swift; path = InternalFullScreenLoadingView.swift; sourceTree = "<group>"; };
		CD520F6A1C19F7C4009062F3 /* User.swift */ = {isa = PBXFileReference; fileEncoding = 4; lastKnownFileType = sourcecode.swift; path = User.swift; sourceTree = "<group>"; };
		CD6BD2CA1C06249F006D812B /* SongSortApiManager.swift */ = {isa = PBXFileReference; fileEncoding = 4; lastKnownFileType = sourcecode.swift; path = SongSortApiManager.swift; sourceTree = "<group>"; };
		CD6BD2CC1C062AFB006D812B /* Station.swift */ = {isa = PBXFileReference; fileEncoding = 4; lastKnownFileType = sourcecode.swift; path = Station.swift; sourceTree = "<group>"; };
		CD6BD2CF1C0651A6006D812B /* LocationManager.swift */ = {isa = PBXFileReference; fileEncoding = 4; lastKnownFileType = sourcecode.swift; path = LocationManager.swift; sourceTree = "<group>"; };
		CD8666E11C078904007F4F0A /* TransitionManager.swift */ = {isa = PBXFileReference; fileEncoding = 4; lastKnownFileType = sourcecode.swift; path = TransitionManager.swift; sourceTree = "<group>"; };
		CD8666E51C079E73007F4F0A /* FeaturedStationsCollectionViewCell.swift */ = {isa = PBXFileReference; fileEncoding = 4; lastKnownFileType = sourcecode.swift; path = FeaturedStationsCollectionViewCell.swift; sourceTree = "<group>"; };
		CD9FA4481BF9327F003B8A62 /* LoginViewController.swift */ = {isa = PBXFileReference; fileEncoding = 4; lastKnownFileType = sourcecode.swift; path = LoginViewController.swift; sourceTree = "<group>"; };
		CD9FA44A1BF93323003B8A62 /* HomeViewController.swift */ = {isa = PBXFileReference; fileEncoding = 4; lastKnownFileType = sourcecode.swift; path = HomeViewController.swift; sourceTree = "<group>"; };
		CD9FA4501BF93876003B8A62 /* Constants.swift */ = {isa = PBXFileReference; fileEncoding = 4; lastKnownFileType = sourcecode.swift; path = Constants.swift; sourceTree = "<group>"; };
		CD9FA4521BF93C79003B8A62 /* AVFoundation.framework */ = {isa = PBXFileReference; lastKnownFileType = wrapper.framework; name = AVFoundation.framework; path = System/Library/Frameworks/AVFoundation.framework; sourceTree = SDKROOT; };
		CD9FA4541BF93C7F003B8A62 /* SystemConfiguration.framework */ = {isa = PBXFileReference; lastKnownFileType = wrapper.framework; name = SystemConfiguration.framework; path = System/Library/Frameworks/SystemConfiguration.framework; sourceTree = SDKROOT; };
		CD9FA4561BF93D79003B8A62 /* Spotify.framework */ = {isa = PBXFileReference; lastKnownFileType = wrapper.framework; path = Spotify.framework; sourceTree = "<group>"; };
		CD9FA4581BF93EDB003B8A62 /* Stationdose-Bridging-Header.h */ = {isa = PBXFileReference; lastKnownFileType = sourcecode.c.h; path = "Stationdose-Bridging-Header.h"; sourceTree = "<group>"; };
		CD9FA45C1BFA8483003B8A62 /* SplashViewController.swift */ = {isa = PBXFileReference; fileEncoding = 4; lastKnownFileType = sourcecode.swift; path = SplashViewController.swift; sourceTree = "<group>"; };
		CD9FA45E1BFA873F003B8A62 /* SpotifyManager.swift */ = {isa = PBXFileReference; fileEncoding = 4; lastKnownFileType = sourcecode.swift; path = SpotifyManager.swift; sourceTree = "<group>"; };
		CD9FA4601BFA993C003B8A62 /* UIViewController+Stationdose.swift */ = {isa = PBXFileReference; fileEncoding = 4; lastKnownFileType = sourcecode.swift; path = "UIViewController+Stationdose.swift"; sourceTree = "<group>"; };
		CD9FA4631BFAA197003B8A62 /* Yantramanav-Black.ttf */ = {isa = PBXFileReference; lastKnownFileType = file; path = "Yantramanav-Black.ttf"; sourceTree = "<group>"; };
		CD9FA4641BFAA197003B8A62 /* Yantramanav-Bold.ttf */ = {isa = PBXFileReference; lastKnownFileType = file; path = "Yantramanav-Bold.ttf"; sourceTree = "<group>"; };
		CD9FA4651BFAA197003B8A62 /* Yantramanav-Light.ttf */ = {isa = PBXFileReference; lastKnownFileType = file; path = "Yantramanav-Light.ttf"; sourceTree = "<group>"; };
		CD9FA4661BFAA197003B8A62 /* Yantramanav-Medium.ttf */ = {isa = PBXFileReference; lastKnownFileType = file; path = "Yantramanav-Medium.ttf"; sourceTree = "<group>"; };
		CD9FA4671BFAA197003B8A62 /* Yantramanav-Regular.ttf */ = {isa = PBXFileReference; lastKnownFileType = file; path = "Yantramanav-Regular.ttf"; sourceTree = "<group>"; };
		CD9FA4681BFAA197003B8A62 /* Yantramanav-Thin.ttf */ = {isa = PBXFileReference; lastKnownFileType = file; path = "Yantramanav-Thin.ttf"; sourceTree = "<group>"; };
		CD9FA4691BFB6BB0003B8A62 /* UIView+Inspectable.swift */ = {isa = PBXFileReference; fileEncoding = 4; lastKnownFileType = sourcecode.swift; path = "UIView+Inspectable.swift"; sourceTree = "<group>"; };
		CD9FA4711BFB9FD3003B8A62 /* RequestPremiumViewController.swift */ = {isa = PBXFileReference; fileEncoding = 4; lastKnownFileType = sourcecode.swift; path = RequestPremiumViewController.swift; sourceTree = "<group>"; };
		CDBE230A1BF92DFB00291F56 /* Stationdose.app */ = {isa = PBXFileReference; explicitFileType = wrapper.application; includeInIndex = 0; path = Stationdose.app; sourceTree = BUILT_PRODUCTS_DIR; };
		CDBE230D1BF92DFB00291F56 /* AppDelegate.swift */ = {isa = PBXFileReference; lastKnownFileType = sourcecode.swift; path = AppDelegate.swift; sourceTree = "<group>"; };
		CDBE23121BF92DFB00291F56 /* Base */ = {isa = PBXFileReference; lastKnownFileType = file.storyboard; name = Base; path = Base.lproj/Main.storyboard; sourceTree = "<group>"; };
		CDBE23141BF92DFB00291F56 /* Assets.xcassets */ = {isa = PBXFileReference; lastKnownFileType = folder.assetcatalog; path = Assets.xcassets; sourceTree = "<group>"; };
		CDBE23171BF92DFB00291F56 /* Base */ = {isa = PBXFileReference; lastKnownFileType = file.storyboard; name = Base; path = Base.lproj/LaunchScreen.storyboard; sourceTree = "<group>"; };
		CDBE23491BF930DD00291F56 /* Info.plist */ = {isa = PBXFileReference; fileEncoding = 4; lastKnownFileType = text.plist.xml; path = Info.plist; sourceTree = "<group>"; };
		CDEFD01A1C0782EF00957580 /* TransitionAnimations.swift */ = {isa = PBXFileReference; fileEncoding = 4; lastKnownFileType = sourcecode.swift; path = TransitionAnimations.swift; sourceTree = "<group>"; };
		D2888AAF3DA1417321CC8AC8 /* Pods.debug.xcconfig */ = {isa = PBXFileReference; includeInIndex = 1; lastKnownFileType = text.xcconfig; name = Pods.debug.xcconfig; path = "Pods/Target Support Files/Pods/Pods.debug.xcconfig"; sourceTree = "<group>"; };
		F10FB1741C0DF224000C90C1 /* PlaylistViewController.swift */ = {isa = PBXFileReference; fileEncoding = 4; lastKnownFileType = sourcecode.swift; path = PlaylistViewController.swift; sourceTree = "<group>"; };
		F10FB1761C0E3005000C90C1 /* TrackTableViewCell.swift */ = {isa = PBXFileReference; fileEncoding = 4; lastKnownFileType = sourcecode.swift; path = TrackTableViewCell.swift; sourceTree = "<group>"; };
		F111C96D1BFCF57700CC0CCB /* UIColor+CustomColors.swift */ = {isa = PBXFileReference; fileEncoding = 4; lastKnownFileType = sourcecode.swift; path = "UIColor+CustomColors.swift"; sourceTree = "<group>"; };
		F114BFBD1C21EFB20000A3CC /* EditStationViewController.swift */ = {isa = PBXFileReference; fileEncoding = 4; lastKnownFileType = sourcecode.swift; path = EditStationViewController.swift; sourceTree = "<group>"; };
		F13FBBAE1C10889C00797EC4 /* BaseTableViewCell.swift */ = {isa = PBXFileReference; fileEncoding = 4; lastKnownFileType = sourcecode.swift; path = BaseTableViewCell.swift; sourceTree = "<group>"; };
		F13FBBB01C10893600797EC4 /* PlayableTableViewCell.swift */ = {isa = PBXFileReference; fileEncoding = 4; lastKnownFileType = sourcecode.swift; path = PlayableTableViewCell.swift; sourceTree = "<group>"; };
		F15593021C110447009CE684 /* FeaturedStationViewController.swift */ = {isa = PBXFileReference; fileEncoding = 4; lastKnownFileType = sourcecode.swift; path = FeaturedStationViewController.swift; sourceTree = "<group>"; };
		F17157431C1774BC008378C3 /* PlaybackManager.swift */ = {isa = PBXFileReference; fileEncoding = 4; lastKnownFileType = sourcecode.swift; path = PlaybackManager.swift; sourceTree = "<group>"; };
		F18E15371C1871D40020AA17 /* PlaybackControlView.swift */ = {isa = PBXFileReference; fileEncoding = 4; lastKnownFileType = sourcecode.swift; path = PlaybackControlView.swift; sourceTree = "<group>"; };
		F18E15391C18747C0020AA17 /* PlaybackControlView.xib */ = {isa = PBXFileReference; fileEncoding = 4; lastKnownFileType = file.xib; path = PlaybackControlView.xib; sourceTree = "<group>"; };
		F1A394771BFE453100A2C970 /* BaseViewController.swift */ = {isa = PBXFileReference; fileEncoding = 4; lastKnownFileType = sourcecode.swift; path = BaseViewController.swift; sourceTree = "<group>"; };
		F1B4CB701C0748ED007DB048 /* SavedSation.swift */ = {isa = PBXFileReference; fileEncoding = 4; lastKnownFileType = sourcecode.swift; path = SavedSation.swift; sourceTree = "<group>"; };
		F1B4CB711C0748ED007DB048 /* Track.swift */ = {isa = PBXFileReference; fileEncoding = 4; lastKnownFileType = sourcecode.swift; path = Track.swift; sourceTree = "<group>"; };
		F1B4CB741C079E64007DB048 /* AlertView.swift */ = {isa = PBXFileReference; fileEncoding = 4; lastKnownFileType = sourcecode.swift; path = AlertView.swift; sourceTree = "<group>"; };
		F1B4CB761C07B51D007DB048 /* InternalAlertView.xib */ = {isa = PBXFileReference; fileEncoding = 4; lastKnownFileType = file.xib; path = InternalAlertView.xib; sourceTree = "<group>"; };
		F1B4CB781C07B58F007DB048 /* InternalAlertView.swift */ = {isa = PBXFileReference; fileEncoding = 4; lastKnownFileType = sourcecode.swift; path = InternalAlertView.swift; sourceTree = "<group>"; };
		F1CC91911C0F530800E3C090 /* ModelManager.swift */ = {isa = PBXFileReference; fileEncoding = 4; lastKnownFileType = sourcecode.swift; path = ModelManager.swift; sourceTree = "<group>"; };
		F1E263E51C2AF64F002D84F9 /* Stationdose.entitlements */ = {isa = PBXFileReference; lastKnownFileType = text.xml; path = Stationdose.entitlements; sourceTree = "<group>"; };
		F1EC7DC61C2823C2003CEA24 /* InternalShareView.xib */ = {isa = PBXFileReference; fileEncoding = 4; lastKnownFileType = file.xib; path = InternalShareView.xib; sourceTree = "<group>"; };
		F1EC7DC81C28241F003CEA24 /* InternalShareView.swift */ = {isa = PBXFileReference; fileEncoding = 4; lastKnownFileType = sourcecode.swift; path = InternalShareView.swift; sourceTree = "<group>"; };
		F1EC7DCA1C282436003CEA24 /* ShareView.swift */ = {isa = PBXFileReference; fileEncoding = 4; lastKnownFileType = sourcecode.swift; path = ShareView.swift; sourceTree = "<group>"; };
		F1F91C6A1BFF9B29000E0BB7 /* MyStationsTableViewCell.swift */ = {isa = PBXFileReference; fileEncoding = 4; lastKnownFileType = sourcecode.swift; path = MyStationsTableViewCell.swift; sourceTree = "<group>"; };
		F1F91C6C1BFF9B44000E0BB7 /* StationsListTableViewCell.swift */ = {isa = PBXFileReference; fileEncoding = 4; lastKnownFileType = sourcecode.swift; path = StationsListTableViewCell.swift; sourceTree = "<group>"; };
/* End PBXFileReference section */

/* Begin PBXFrameworksBuildPhase section */
		CDBE23071BF92DFB00291F56 /* Frameworks */ = {
			isa = PBXFrameworksBuildPhase;
			buildActionMask = 2147483647;
			files = (
				CD9FA4551BF93C7F003B8A62 /* SystemConfiguration.framework in Frameworks */,
				CD9FA4531BF93C79003B8A62 /* AVFoundation.framework in Frameworks */,
				DE8ABE07B065DFD6DC14E4CC /* Pods.framework in Frameworks */,
				CD9FA4571BF93D79003B8A62 /* Spotify.framework in Frameworks */,
			);
			runOnlyForDeploymentPostprocessing = 0;
		};
/* End PBXFrameworksBuildPhase section */

/* Begin PBXGroup section */
		0A4FFF65B56B0189426B28BD /* Frameworks */ = {
			isa = PBXGroup;
			children = (
				CD9FA4561BF93D79003B8A62 /* Spotify.framework */,
				CD9FA4541BF93C7F003B8A62 /* SystemConfiguration.framework */,
				CD9FA4521BF93C79003B8A62 /* AVFoundation.framework */,
				24E06A1BF2138C0B19B5B149 /* Pods.framework */,
			);
			name = Frameworks;
			sourceTree = "<group>";
		};
		4C040825A14314C251AEA97D /* Pods */ = {
			isa = PBXGroup;
			children = (
				D2888AAF3DA1417321CC8AC8 /* Pods.debug.xcconfig */,
				3DE5C033DDD061F0DDA80AB5 /* Pods.release.xcconfig */,
			);
			name = Pods;
			sourceTree = "<group>";
		};
		7C54F0E41CD44E440069677D /* PageScrollHelperView */ = {
			isa = PBXGroup;
			children = (
				7C54F0E51CD44E620069677D /* PageScrollHelperView.swift */,
				7C1031C21CDBD12700B65E7A /* EditPlaylistChartWeatherView.xib */,
				7C1031C41CDBD4A300B65E7A /* EditPlaylistChartWeatherView.swift */,
			);
			name = PageScrollHelperView;
			sourceTree = "<group>";
		};
		CD520F5B1C1924F5009062F3 /* FullScreenLoading */ = {
			isa = PBXGroup;
			children = (
				CD520F661C1927CA009062F3 /* FullScreenLoadingView.swift */,
				CD520F641C1927A6009062F3 /* InternalFullScreenLoadingView.xib */,
				CD520F681C1927F0009062F3 /* InternalFullScreenLoadingView.swift */,
			);
			name = FullScreenLoading;
			sourceTree = "<group>";
		};
		CD9FA44C1BF9333E003B8A62 /* Supporting Files */ = {
			isa = PBXGroup;
			children = (
				CD9FA4621BFAA17B003B8A62 /* Fonts */,
				CDBE23491BF930DD00291F56 /* Info.plist */,
			);
			name = "Supporting Files";
			sourceTree = "<group>";
		};
		CD9FA44D1BF93837003B8A62 /* Constants */ = {
			isa = PBXGroup;
			children = (
				CD9FA4581BF93EDB003B8A62 /* Stationdose-Bridging-Header.h */,
				CD9FA4501BF93876003B8A62 /* Constants.swift */,
			);
			name = Constants;
			sourceTree = "<group>";
		};
		CD9FA4621BFAA17B003B8A62 /* Fonts */ = {
			isa = PBXGroup;
			children = (
				CD9FA4631BFAA197003B8A62 /* Yantramanav-Black.ttf */,
				CD9FA4641BFAA197003B8A62 /* Yantramanav-Bold.ttf */,
				CD9FA4651BFAA197003B8A62 /* Yantramanav-Light.ttf */,
				CD9FA4661BFAA197003B8A62 /* Yantramanav-Medium.ttf */,
				CD9FA4671BFAA197003B8A62 /* Yantramanav-Regular.ttf */,
				CD9FA4681BFAA197003B8A62 /* Yantramanav-Thin.ttf */,
			);
			name = Fonts;
			sourceTree = "<group>";
		};
		CDBE23011BF92DFB00291F56 = {
			isa = PBXGroup;
			children = (
				CDBE230C1BF92DFB00291F56 /* Stationdose */,
				CDBE230B1BF92DFB00291F56 /* Products */,
				4C040825A14314C251AEA97D /* Pods */,
				0A4FFF65B56B0189426B28BD /* Frameworks */,
			);
			sourceTree = "<group>";
		};
		CDBE230B1BF92DFB00291F56 /* Products */ = {
			isa = PBXGroup;
			children = (
				CDBE230A1BF92DFB00291F56 /* Stationdose.app */,
			);
			name = Products;
			sourceTree = "<group>";
		};
		CDBE230C1BF92DFB00291F56 /* Stationdose */ = {
			isa = PBXGroup;
			children = (
				F1E263E51C2AF64F002D84F9 /* Stationdose.entitlements */,
				CD9FA44C1BF9333E003B8A62 /* Supporting Files */,
				CDBE23421BF92E9100291F56 /* Classes */,
				CDBE230D1BF92DFB00291F56 /* AppDelegate.swift */,
				CDBE23111BF92DFB00291F56 /* Main.storyboard */,
				7C54F0DB1CD422D80069677D /* Edit.storyboard */,
				F18E15391C18747C0020AA17 /* PlaybackControlView.xib */,
				CDBE23141BF92DFB00291F56 /* Assets.xcassets */,
				CDBE23161BF92DFB00291F56 /* LaunchScreen.storyboard */,
			);
			path = Stationdose;
			sourceTree = "<group>";
		};
		CDBE23421BF92E9100291F56 /* Classes */ = {
			isa = PBXGroup;
			children = (
				CDEFD0191C07828200957580 /* Transitions */,
				CD9FA44D1BF93837003B8A62 /* Constants */,
				CDBE23471BF92EAE00291F56 /* Controllers */,
				CDBE23461BF92EA800291F56 /* Views */,
				CDBE23451BF92EA300291F56 /* Managers */,
				CDBE23441BF92E9D00291F56 /* Extensions */,
				CDBE23431BF92E9700291F56 /* Models */,
			);
			path = Classes;
			sourceTree = "<group>";
		};
		CDBE23431BF92E9700291F56 /* Models */ = {
			isa = PBXGroup;
			children = (
				F1B4CB701C0748ED007DB048 /* SavedSation.swift */,
				CD6BD2CC1C062AFB006D812B /* Station.swift */,
				F1B4CB711C0748ED007DB048 /* Track.swift */,
				CD520F6A1C19F7C4009062F3 /* User.swift */,
			);
			name = Models;
			sourceTree = "<group>";
		};
		CDBE23441BF92E9D00291F56 /* Extensions */ = {
			isa = PBXGroup;
			children = (
				CD9FA4601BFA993C003B8A62 /* UIViewController+Stationdose.swift */,
				CD9FA4691BFB6BB0003B8A62 /* UIView+Inspectable.swift */,
				F111C96D1BFCF57700CC0CCB /* UIColor+CustomColors.swift */,
			);
			name = Extensions;
			sourceTree = "<group>";
		};
		CDBE23451BF92EA300291F56 /* Managers */ = {
			isa = PBXGroup;
			children = (
				CD9FA45E1BFA873F003B8A62 /* SpotifyManager.swift */,
				CD6BD2CA1C06249F006D812B /* SongSortApiManager.swift */,
				CD6BD2CF1C0651A6006D812B /* LocationManager.swift */,
				F1CC91911C0F530800E3C090 /* ModelManager.swift */,
				F17157431C1774BC008378C3 /* PlaybackManager.swift */,
			);
			name = Managers;
			sourceTree = "<group>";
		};
		CDBE23461BF92EA800291F56 /* Views */ = {
			isa = PBXGroup;
			children = (
				7C54F0E41CD44E440069677D /* PageScrollHelperView */,
				F1EC7DC51C2823A7003CEA24 /* Share */,
				F1B4CB7A1C07B5A7007DB048 /* Alert */,
				CD520F5B1C1924F5009062F3 /* FullScreenLoading */,
				F13FBBAE1C10889C00797EC4 /* BaseTableViewCell.swift */,
				F13FBBB01C10893600797EC4 /* PlayableTableViewCell.swift */,
				F1F91C6A1BFF9B29000E0BB7 /* MyStationsTableViewCell.swift */,
				7C54F0EC1CD82DCC0069677D /* MyStationsCollectionViewCell.swift */,
				F1F91C6C1BFF9B44000E0BB7 /* StationsListTableViewCell.swift */,
				F10FB1761C0E3005000C90C1 /* TrackTableViewCell.swift */,
				CD8666E51C079E73007F4F0A /* FeaturedStationsCollectionViewCell.swift */,
				F18E15371C1871D40020AA17 /* PlaybackControlView.swift */,
			);
			name = Views;
			sourceTree = "<group>";
		};
		CDBE23471BF92EAE00291F56 /* Controllers */ = {
			isa = PBXGroup;
			children = (
				CD9FA4481BF9327F003B8A62 /* LoginViewController.swift */,
				F1A394771BFE453100A2C970 /* BaseViewController.swift */,
				CD9FA44A1BF93323003B8A62 /* HomeViewController.swift */,
				CD9FA45C1BFA8483003B8A62 /* SplashViewController.swift */,
				CD9FA4711BFB9FD3003B8A62 /* RequestPremiumViewController.swift */,
				F10FB1741C0DF224000C90C1 /* PlaylistViewController.swift */,
				F15593021C110447009CE684 /* FeaturedStationViewController.swift */,
				F114BFBD1C21EFB20000A3CC /* EditStationViewController.swift */,
				7C54F0E21CD44D140069677D /* PageScrollViewController.swift */,
				7C1031C01CDAADBB00B65E7A /* SideScrollerViewController.swift */,
				7C54F0EA1CD465DB0069677D /* EnergyChartViewController.swift */,
				7C1031BA1CD9A02E00B65E7A /* StationsListTableViewController.swift */,
				7C54F0EE1CD831480069677D /* MyStationsCollectionViewController.swift */,
				7C1031B81CD98EA000B65E7A /* MyStationsCollectionViewLayout.swift */,
			);
			name = Controllers;
			sourceTree = "<group>";
		};
		CDEFD0191C07828200957580 /* Transitions */ = {
			isa = PBXGroup;
			children = (
				CD8666E11C078904007F4F0A /* TransitionManager.swift */,
				CDEFD01A1C0782EF00957580 /* TransitionAnimations.swift */,
			);
			name = Transitions;
			sourceTree = "<group>";
		};
		F1B4CB7A1C07B5A7007DB048 /* Alert */ = {
			isa = PBXGroup;
			children = (
				F1B4CB741C079E64007DB048 /* AlertView.swift */,
				F1B4CB761C07B51D007DB048 /* InternalAlertView.xib */,
				F1B4CB781C07B58F007DB048 /* InternalAlertView.swift */,
			);
			name = Alert;
			sourceTree = "<group>";
		};
		F1EC7DC51C2823A7003CEA24 /* Share */ = {
			isa = PBXGroup;
			children = (
				F1EC7DCA1C282436003CEA24 /* ShareView.swift */,
				F1EC7DC61C2823C2003CEA24 /* InternalShareView.xib */,
				F1EC7DC81C28241F003CEA24 /* InternalShareView.swift */,
			);
			name = Share;
			sourceTree = "<group>";
		};
/* End PBXGroup section */

/* Begin PBXNativeTarget section */
		CDBE23091BF92DFB00291F56 /* Stationdose */ = {
			isa = PBXNativeTarget;
			buildConfigurationList = CDBE231C1BF92DFB00291F56 /* Build configuration list for PBXNativeTarget "Stationdose" */;
			buildPhases = (
				C2D237C7A9B1358C4E68727A /* Check Pods Manifest.lock */,
				CDBE23061BF92DFB00291F56 /* Sources */,
				CDBE23071BF92DFB00291F56 /* Frameworks */,
				CDBE23081BF92DFB00291F56 /* Resources */,
				46B937BBBE17511F1DFB5A0A /* Embed Pods Frameworks */,
				C366A8E778F2FB368E390F72 /* Copy Pods Resources */,
				F1F91C651BFEC82F000E0BB7 /* ShellScript */,
			);
			buildRules = (
			);
			dependencies = (
			);
			name = Stationdose;
			productName = Stationdose;
			productReference = CDBE230A1BF92DFB00291F56 /* Stationdose.app */;
			productType = "com.apple.product-type.application";
		};
/* End PBXNativeTarget section */

/* Begin PBXProject section */
		CDBE23021BF92DFB00291F56 /* Project object */ = {
			isa = PBXProject;
			attributes = {
				LastSwiftUpdateCheck = 0710;
				LastUpgradeCheck = 0720;
				ORGANIZATIONNAME = Stationdose;
				TargetAttributes = {
					CDBE23091BF92DFB00291F56 = {
						CreatedOnToolsVersion = 7.1;
						DevelopmentTeam = 9DBVBC4284;
						SystemCapabilities = {
							com.apple.BackgroundModes = {
								enabled = 1;
							};
							com.apple.SafariKeychain = {
								enabled = 1;
							};
						};
					};
				};
			};
			buildConfigurationList = CDBE23051BF92DFB00291F56 /* Build configuration list for PBXProject "Stationdose" */;
			compatibilityVersion = "Xcode 3.2";
			developmentRegion = English;
			hasScannedForEncodings = 0;
			knownRegions = (
				en,
				Base,
			);
			mainGroup = CDBE23011BF92DFB00291F56;
			productRefGroup = CDBE230B1BF92DFB00291F56 /* Products */;
			projectDirPath = "";
			projectRoot = "";
			targets = (
				CDBE23091BF92DFB00291F56 /* Stationdose */,
			);
		};
/* End PBXProject section */

/* Begin PBXResourcesBuildPhase section */
		CDBE23081BF92DFB00291F56 /* Resources */ = {
			isa = PBXResourcesBuildPhase;
			buildActionMask = 2147483647;
			files = (
				CD9FA46B1BFB71A4003B8A62 /* Yantramanav-Black.ttf in Resources */,
				7C1031C31CDBD12700B65E7A /* EditPlaylistChartWeatherView.xib in Resources */,
				F1EC7DC71C2823C2003CEA24 /* InternalShareView.xib in Resources */,
				CD9FA46F1BFB71A4003B8A62 /* Yantramanav-Regular.ttf in Resources */,
				CD9FA46E1BFB71A4003B8A62 /* Yantramanav-Medium.ttf in Resources */,
				CD520F651C1927A6009062F3 /* InternalFullScreenLoadingView.xib in Resources */,
				CD9FA4701BFB71A4003B8A62 /* Yantramanav-Thin.ttf in Resources */,
				7C54F0DD1CD422D80069677D /* Edit.storyboard in Resources */,
				CDBE23181BF92DFB00291F56 /* LaunchScreen.storyboard in Resources */,
				CDBE23151BF92DFB00291F56 /* Assets.xcassets in Resources */,
				F18E153A1C18747C0020AA17 /* PlaybackControlView.xib in Resources */,
				CD9FA46C1BFB71A4003B8A62 /* Yantramanav-Bold.ttf in Resources */,
				CD9FA46D1BFB71A4003B8A62 /* Yantramanav-Light.ttf in Resources */,
				CDBE23131BF92DFB00291F56 /* Main.storyboard in Resources */,
				F1B4CB771C07B51D007DB048 /* InternalAlertView.xib in Resources */,
			);
			runOnlyForDeploymentPostprocessing = 0;
		};
/* End PBXResourcesBuildPhase section */

/* Begin PBXShellScriptBuildPhase section */
		46B937BBBE17511F1DFB5A0A /* Embed Pods Frameworks */ = {
			isa = PBXShellScriptBuildPhase;
			buildActionMask = 2147483647;
			files = (
			);
			inputPaths = (
			);
			name = "Embed Pods Frameworks";
			outputPaths = (
			);
			runOnlyForDeploymentPostprocessing = 0;
			shellPath = /bin/sh;
			shellScript = "\"${SRCROOT}/Pods/Target Support Files/Pods/Pods-frameworks.sh\"\n";
			showEnvVarsInLog = 0;
		};
		C2D237C7A9B1358C4E68727A /* Check Pods Manifest.lock */ = {
			isa = PBXShellScriptBuildPhase;
			buildActionMask = 2147483647;
			files = (
			);
			inputPaths = (
			);
			name = "Check Pods Manifest.lock";
			outputPaths = (
			);
			runOnlyForDeploymentPostprocessing = 0;
			shellPath = /bin/sh;
			shellScript = "diff \"${PODS_ROOT}/../Podfile.lock\" \"${PODS_ROOT}/Manifest.lock\" > /dev/null\nif [[ $? != 0 ]] ; then\n    cat << EOM\nerror: The sandbox is not in sync with the Podfile.lock. Run 'pod install' or update your CocoaPods installation.\nEOM\n    exit 1\nfi\n";
			showEnvVarsInLog = 0;
		};
		C366A8E778F2FB368E390F72 /* Copy Pods Resources */ = {
			isa = PBXShellScriptBuildPhase;
			buildActionMask = 2147483647;
			files = (
			);
			inputPaths = (
			);
			name = "Copy Pods Resources";
			outputPaths = (
			);
			runOnlyForDeploymentPostprocessing = 0;
			shellPath = /bin/sh;
			shellScript = "\"${SRCROOT}/Pods/Target Support Files/Pods/Pods-resources.sh\"\n";
			showEnvVarsInLog = 0;
		};
		F1F91C651BFEC82F000E0BB7 /* ShellScript */ = {
			isa = PBXShellScriptBuildPhase;
			buildActionMask = 2147483647;
			files = (
			);
			inputPaths = (
			);
			outputPaths = (
			);
			runOnlyForDeploymentPostprocessing = 0;
			shellPath = /bin/sh;
			shellScript = "\"${PODS_ROOT}/Fabric/run\" 1cc1b03c9e2aad3b5a3803a0e5e8ec94c5e49892 2b61a7b758c5367bd8328c301c2a117ed26c31b8ea87122dab8fe299db994cad";
		};
/* End PBXShellScriptBuildPhase section */

/* Begin PBXSourcesBuildPhase section */
		CDBE23061BF92DFB00291F56 /* Sources */ = {
			isa = PBXSourcesBuildPhase;
			buildActionMask = 2147483647;
			files = (
				7C54F0ED1CD82DCC0069677D /* MyStationsCollectionViewCell.swift in Sources */,
				F1A394781BFE453100A2C970 /* BaseViewController.swift in Sources */,
				CD6BD2CD1C062AFB006D812B /* Station.swift in Sources */,
				F1B4CB751C079E64007DB048 /* AlertView.swift in Sources */,
				CD9FA45F1BFA873F003B8A62 /* SpotifyManager.swift in Sources */,
				7C1031B91CD98EA000B65E7A /* MyStationsCollectionViewLayout.swift in Sources */,
				F15593031C110447009CE684 /* FeaturedStationViewController.swift in Sources */,
				F17157441C1774BC008378C3 /* PlaybackManager.swift in Sources */,
				7C1031C51CDBD4A300B65E7A /* EditPlaylistChartWeatherView.swift in Sources */,
				F10FB1751C0DF224000C90C1 /* PlaylistViewController.swift in Sources */,
				F13FBBAF1C10889C00797EC4 /* BaseTableViewCell.swift in Sources */,
				F1EC7DC91C28241F003CEA24 /* InternalShareView.swift in Sources */,
				7C54F0E31CD44D140069677D /* PageScrollViewController.swift in Sources */,
				F13FBBB11C10893600797EC4 /* PlayableTableViewCell.swift in Sources */,
				F1B4CB721C0748ED007DB048 /* SavedSation.swift in Sources */,
				7C54F0E61CD44E620069677D /* PageScrollHelperView.swift in Sources */,
				CD520F671C1927CA009062F3 /* FullScreenLoadingView.swift in Sources */,
				7C1031C11CDAADBB00B65E7A /* SideScrollerViewController.swift in Sources */,
				CD6BD2D01C0651A6006D812B /* LocationManager.swift in Sources */,
				CD8666E61C079E73007F4F0A /* FeaturedStationsCollectionViewCell.swift in Sources */,
				F114BFBE1C21EFB20000A3CC /* EditStationViewController.swift in Sources */,
				CD9FA46A1BFB6BB0003B8A62 /* UIView+Inspectable.swift in Sources */,
				CD9FA4491BF9327F003B8A62 /* LoginViewController.swift in Sources */,
				F111C96E1BFCF57700CC0CCB /* UIColor+CustomColors.swift in Sources */,
				CD9FA4611BFA993C003B8A62 /* UIViewController+Stationdose.swift in Sources */,
				CD8666E21C078904007F4F0A /* TransitionManager.swift in Sources */,
				7C1031BB1CD9A02E00B65E7A /* StationsListTableViewController.swift in Sources */,
				CDEFD01B1C0782EF00957580 /* TransitionAnimations.swift in Sources */,
				CD9FA4721BFB9FD3003B8A62 /* RequestPremiumViewController.swift in Sources */,
				7C54F0EF1CD831480069677D /* MyStationsCollectionViewController.swift in Sources */,
				F1B4CB731C0748ED007DB048 /* Track.swift in Sources */,
				7C54F0EB1CD465DB0069677D /* EnergyChartViewController.swift in Sources */,
				F1CC91921C0F530800E3C090 /* ModelManager.swift in Sources */,
				F1F91C6B1BFF9B29000E0BB7 /* MyStationsTableViewCell.swift in Sources */,
				CDBE230E1BF92DFB00291F56 /* AppDelegate.swift in Sources */,
				F18E15381C1871D40020AA17 /* PlaybackControlView.swift in Sources */,
				CD9FA44B1BF93323003B8A62 /* HomeViewController.swift in Sources */,
				CD9FA4511BF93876003B8A62 /* Constants.swift in Sources */,
				CD6BD2CB1C06249F006D812B /* SongSortApiManager.swift in Sources */,
				F10FB1771C0E3005000C90C1 /* TrackTableViewCell.swift in Sources */,
				CD9FA45D1BFA8483003B8A62 /* SplashViewController.swift in Sources */,
				F1F91C6D1BFF9B44000E0BB7 /* StationsListTableViewCell.swift in Sources */,
				F1B4CB791C07B58F007DB048 /* InternalAlertView.swift in Sources */,
				CD520F691C1927F0009062F3 /* InternalFullScreenLoadingView.swift in Sources */,
				F1EC7DCB1C282436003CEA24 /* ShareView.swift in Sources */,
				CD520F6B1C19F7C4009062F3 /* User.swift in Sources */,
			);
			runOnlyForDeploymentPostprocessing = 0;
		};
/* End PBXSourcesBuildPhase section */

/* Begin PBXVariantGroup section */
		7C54F0DB1CD422D80069677D /* Edit.storyboard */ = {
			isa = PBXVariantGroup;
			children = (
				7C54F0DC1CD422D80069677D /* Base */,
			);
			name = Edit.storyboard;
			sourceTree = "<group>";
		};
		CDBE23111BF92DFB00291F56 /* Main.storyboard */ = {
			isa = PBXVariantGroup;
			children = (
				CDBE23121BF92DFB00291F56 /* Base */,
			);
			name = Main.storyboard;
			sourceTree = "<group>";
		};
		CDBE23161BF92DFB00291F56 /* LaunchScreen.storyboard */ = {
			isa = PBXVariantGroup;
			children = (
				CDBE23171BF92DFB00291F56 /* Base */,
			);
			name = LaunchScreen.storyboard;
			sourceTree = "<group>";
		};
/* End PBXVariantGroup section */

/* Begin XCBuildConfiguration section */
		CDBE231A1BF92DFB00291F56 /* Debug */ = {
			isa = XCBuildConfiguration;
			buildSettings = {
				ALWAYS_SEARCH_USER_PATHS = NO;
				CLANG_CXX_LANGUAGE_STANDARD = "gnu++0x";
				CLANG_CXX_LIBRARY = "libc++";
				CLANG_ENABLE_MODULES = YES;
				CLANG_ENABLE_OBJC_ARC = YES;
				CLANG_WARN_BOOL_CONVERSION = YES;
				CLANG_WARN_CONSTANT_CONVERSION = YES;
				CLANG_WARN_DIRECT_OBJC_ISA_USAGE = YES_ERROR;
				CLANG_WARN_EMPTY_BODY = YES;
				CLANG_WARN_ENUM_CONVERSION = YES;
				CLANG_WARN_INT_CONVERSION = YES;
				CLANG_WARN_OBJC_ROOT_CLASS = YES_ERROR;
				CLANG_WARN_UNREACHABLE_CODE = YES;
				CLANG_WARN__DUPLICATE_METHOD_MATCH = YES;
				"CODE_SIGN_IDENTITY[sdk=iphoneos*]" = "iPhone Developer";
				COPY_PHASE_STRIP = NO;
				DEBUG_INFORMATION_FORMAT = dwarf;
				ENABLE_BITCODE = NO;
				ENABLE_STRICT_OBJC_MSGSEND = YES;
				ENABLE_TESTABILITY = YES;
				GCC_C_LANGUAGE_STANDARD = gnu99;
				GCC_DYNAMIC_NO_PIC = NO;
				GCC_NO_COMMON_BLOCKS = YES;
				GCC_OPTIMIZATION_LEVEL = 0;
				GCC_PREPROCESSOR_DEFINITIONS = (
					"DEBUG=1",
					"$(inherited)",
				);
				GCC_WARN_64_TO_32_BIT_CONVERSION = YES;
				GCC_WARN_ABOUT_RETURN_TYPE = YES_ERROR;
				GCC_WARN_UNDECLARED_SELECTOR = YES;
				GCC_WARN_UNINITIALIZED_AUTOS = YES_AGGRESSIVE;
				GCC_WARN_UNUSED_FUNCTION = YES;
				GCC_WARN_UNUSED_VARIABLE = YES;
				IPHONEOS_DEPLOYMENT_TARGET = 8.0;
				MTL_ENABLE_DEBUG_INFO = YES;
				ONLY_ACTIVE_ARCH = YES;
				SDKROOT = iphoneos;
				SWIFT_OPTIMIZATION_LEVEL = "-Onone";
			};
			name = Debug;
		};
		CDBE231B1BF92DFB00291F56 /* Release */ = {
			isa = XCBuildConfiguration;
			buildSettings = {
				ALWAYS_SEARCH_USER_PATHS = NO;
				CLANG_CXX_LANGUAGE_STANDARD = "gnu++0x";
				CLANG_CXX_LIBRARY = "libc++";
				CLANG_ENABLE_MODULES = YES;
				CLANG_ENABLE_OBJC_ARC = YES;
				CLANG_WARN_BOOL_CONVERSION = YES;
				CLANG_WARN_CONSTANT_CONVERSION = YES;
				CLANG_WARN_DIRECT_OBJC_ISA_USAGE = YES_ERROR;
				CLANG_WARN_EMPTY_BODY = YES;
				CLANG_WARN_ENUM_CONVERSION = YES;
				CLANG_WARN_INT_CONVERSION = YES;
				CLANG_WARN_OBJC_ROOT_CLASS = YES_ERROR;
				CLANG_WARN_UNREACHABLE_CODE = YES;
				CLANG_WARN__DUPLICATE_METHOD_MATCH = YES;
				"CODE_SIGN_IDENTITY[sdk=iphoneos*]" = "iPhone Developer";
				COPY_PHASE_STRIP = NO;
				DEBUG_INFORMATION_FORMAT = "dwarf-with-dsym";
				ENABLE_BITCODE = NO;
				ENABLE_NS_ASSERTIONS = NO;
				ENABLE_STRICT_OBJC_MSGSEND = YES;
				GCC_C_LANGUAGE_STANDARD = gnu99;
				GCC_NO_COMMON_BLOCKS = YES;
				GCC_WARN_64_TO_32_BIT_CONVERSION = YES;
				GCC_WARN_ABOUT_RETURN_TYPE = YES_ERROR;
				GCC_WARN_UNDECLARED_SELECTOR = YES;
				GCC_WARN_UNINITIALIZED_AUTOS = YES_AGGRESSIVE;
				GCC_WARN_UNUSED_FUNCTION = YES;
				GCC_WARN_UNUSED_VARIABLE = YES;
				IPHONEOS_DEPLOYMENT_TARGET = 8.0;
				MTL_ENABLE_DEBUG_INFO = NO;
				SDKROOT = iphoneos;
				VALIDATE_PRODUCT = YES;
			};
			name = Release;
		};
		CDBE231D1BF92DFB00291F56 /* Debug */ = {
			isa = XCBuildConfiguration;
			baseConfigurationReference = D2888AAF3DA1417321CC8AC8 /* Pods.debug.xcconfig */;
			buildSettings = {
				ASSETCATALOG_COMPILER_APPICON_NAME = AppIcon;
				CLANG_ENABLE_MODULES = YES;
				CODE_SIGN_ENTITLEMENTS = Stationdose/Stationdose.entitlements;
				CODE_SIGN_IDENTITY = "iPhone Developer";
				"CODE_SIGN_IDENTITY[sdk=iphoneos*]" = "iPhone Developer";
				FRAMEWORK_SEARCH_PATHS = (
					"$(inherited)",
					"$(PROJECT_DIR)",
				);
				INFOPLIST_FILE = Stationdose/Info.plist;
				IPHONEOS_DEPLOYMENT_TARGET = 9.0;
				LD_RUNPATH_SEARCH_PATHS = "$(inherited) @executable_path/Frameworks";
				OTHER_LDFLAGS = (
					"$(inherited)",
					"-framework",
					"\"Alamofire\"",
					"-ObjC",
				);
				PRODUCT_BUNDLE_IDENTIFIER = com.stationdose.core;
				PRODUCT_NAME = "$(TARGET_NAME)";
				PROVISIONING_PROFILE = "";
				SWIFT_OBJC_BRIDGING_HEADER = "Stationdose/Classes/Stationdose-Bridging-Header.h";
				SWIFT_OPTIMIZATION_LEVEL = "-Onone";
			};
			name = Debug;
		};
		CDBE231E1BF92DFB00291F56 /* Release */ = {
			isa = XCBuildConfiguration;
			baseConfigurationReference = 3DE5C033DDD061F0DDA80AB5 /* Pods.release.xcconfig */;
			buildSettings = {
				ASSETCATALOG_COMPILER_APPICON_NAME = AppIcon;
				CLANG_ENABLE_MODULES = YES;
				CODE_SIGN_ENTITLEMENTS = Stationdose/Stationdose.entitlements;
				CODE_SIGN_IDENTITY = "iPhone Developer";
				"CODE_SIGN_IDENTITY[sdk=iphoneos*]" = "iPhone Developer";
				FRAMEWORK_SEARCH_PATHS = (
					"$(inherited)",
					"$(PROJECT_DIR)",
				);
				INFOPLIST_FILE = Stationdose/Info.plist;
				IPHONEOS_DEPLOYMENT_TARGET = 9.0;
				LD_RUNPATH_SEARCH_PATHS = "$(inherited) @executable_path/Frameworks";
				OTHER_LDFLAGS = (
					"$(inherited)",
					"-framework",
					"\"Alamofire\"",
					"-ObjC",
				);
				PRODUCT_BUNDLE_IDENTIFIER = com.stationdose.core;
				PRODUCT_NAME = "$(TARGET_NAME)";
				PROVISIONING_PROFILE = "";
				SWIFT_OBJC_BRIDGING_HEADER = "Stationdose/Classes/Stationdose-Bridging-Header.h";
			};
			name = Release;
		};
/* End XCBuildConfiguration section */

/* Begin XCConfigurationList section */
		CDBE23051BF92DFB00291F56 /* Build configuration list for PBXProject "Stationdose" */ = {
			isa = XCConfigurationList;
			buildConfigurations = (
				CDBE231A1BF92DFB00291F56 /* Debug */,
				CDBE231B1BF92DFB00291F56 /* Release */,
			);
			defaultConfigurationIsVisible = 0;
			defaultConfigurationName = Release;
		};
		CDBE231C1BF92DFB00291F56 /* Build configuration list for PBXNativeTarget "Stationdose" */ = {
			isa = XCConfigurationList;
			buildConfigurations = (
				CDBE231D1BF92DFB00291F56 /* Debug */,
				CDBE231E1BF92DFB00291F56 /* Release */,
			);
			defaultConfigurationIsVisible = 0;
			defaultConfigurationName = Release;
		};
/* End XCConfigurationList section */
	};
	rootObject = CDBE23021BF92DFB00291F56 /* Project object */;
}
